
Microsoft Visual Studio Solution File, Format Version 12.00
# Visual Studio 15
VisualStudioVersion = 15.0.27703.2035
MinimumVisualStudioVersion = 10.0.40219.1
Project("{FAE04EC0-301F-11D3-BF4B-00C04F79EFBC}") = "MyEconomy.Android", "MyEconomy\MyEconomy.Android\MyEconomy.Android.csproj", "{4804F728-F066-412F-A059-37ADE113E426}"
EndProject
Project("{FAE04EC0-301F-11D3-BF4B-00C04F79EFBC}") = "MyEconomy.iOS", "MyEconomy\MyEconomy.iOS\MyEconomy.iOS.csproj", "{131137B4-C56B-4345-A6F4-DAE4ED03B9E6}"
EndProject
Project("{FAE04EC0-301F-11D3-BF4B-00C04F79EFBC}") = "MyEconomy.UWP", "MyEconomy\MyEconomy.UWP\MyEconomy.UWP.csproj", "{8E6C7043-56F6-40E5-87DF-ACF6EA41D922}"
EndProject
Project("{9A19103F-16F7-4668-BE54-9A1E7A4F7556}") = "MyEconomy", "MyEconomy\MyEconomy\MyEconomy.csproj", "{25415B3B-6CBE-46CE-AABF-31432D467158}"
EndProject
Project("{FAE04EC0-301F-11D3-BF4B-00C04F79EFBC}") = "Tests", "Tests\Tests.csproj", "{6DEDE377-F703-419A-BA78-F1B8EE853361}"
EndProject
Project("{FAE04EC0-301F-11D3-BF4B-00C04F79EFBC}") = "UnitTestProject3", "UnitTestProject3\UnitTestProject3.csproj", "{8018D8B5-C68B-46C9-B410-13BAA2D5FE54}"
EndProject
Global
	GlobalSection(SolutionConfigurationPlatforms) = preSolution
		Ad-Hoc|Any CPU = Ad-Hoc|Any CPU
		Ad-Hoc|ARM = Ad-Hoc|ARM
		Ad-Hoc|iPhone = Ad-Hoc|iPhone
		Ad-Hoc|iPhoneSimulator = Ad-Hoc|iPhoneSimulator
		Ad-Hoc|x64 = Ad-Hoc|x64
		Ad-Hoc|x86 = Ad-Hoc|x86
		AppStore|Any CPU = AppStore|Any CPU
		AppStore|ARM = AppStore|ARM
		AppStore|iPhone = AppStore|iPhone
		AppStore|iPhoneSimulator = AppStore|iPhoneSimulator
		AppStore|x64 = AppStore|x64
		AppStore|x86 = AppStore|x86
		Debug|Any CPU = Debug|Any CPU
		Debug|ARM = Debug|ARM
		Debug|iPhone = Debug|iPhone
		Debug|iPhoneSimulator = Debug|iPhoneSimulator
		Debug|x64 = Debug|x64
		Debug|x86 = Debug|x86
		Release|Any CPU = Release|Any CPU
		Release|ARM = Release|ARM
		Release|iPhone = Release|iPhone
		Release|iPhoneSimulator = Release|iPhoneSimulator
		Release|x64 = Release|x64
		Release|x86 = Release|x86
	EndGlobalSection
	GlobalSection(ProjectConfigurationPlatforms) = postSolution
		{4804F728-F066-412F-A059-37ADE113E426}.Ad-Hoc|Any CPU.ActiveCfg = Release|Any CPU
		{4804F728-F066-412F-A059-37ADE113E426}.Ad-Hoc|Any CPU.Build.0 = Release|Any CPU
		{4804F728-F066-412F-A059-37ADE113E426}.Ad-Hoc|Any CPU.Deploy.0 = Release|Any CPU
		{4804F728-F066-412F-A059-37ADE113E426}.Ad-Hoc|ARM.ActiveCfg = Release|Any CPU
		{4804F728-F066-412F-A059-37ADE113E426}.Ad-Hoc|ARM.Build.0 = Release|Any CPU
		{4804F728-F066-412F-A059-37ADE113E426}.Ad-Hoc|ARM.Deploy.0 = Release|Any CPU
		{4804F728-F066-412F-A059-37ADE113E426}.Ad-Hoc|iPhone.ActiveCfg = Release|Any CPU
		{4804F728-F066-412F-A059-37ADE113E426}.Ad-Hoc|iPhone.Build.0 = Release|Any CPU
		{4804F728-F066-412F-A059-37ADE113E426}.Ad-Hoc|iPhone.Deploy.0 = Release|Any CPU
		{4804F728-F066-412F-A059-37ADE113E426}.Ad-Hoc|iPhoneSimulator.ActiveCfg = Release|Any CPU
		{4804F728-F066-412F-A059-37ADE113E426}.Ad-Hoc|iPhoneSimulator.Build.0 = Release|Any CPU
		{4804F728-F066-412F-A059-37ADE113E426}.Ad-Hoc|iPhoneSimulator.Deploy.0 = Release|Any CPU
		{4804F728-F066-412F-A059-37ADE113E426}.Ad-Hoc|x64.ActiveCfg = Release|Any CPU
		{4804F728-F066-412F-A059-37ADE113E426}.Ad-Hoc|x64.Build.0 = Release|Any CPU
		{4804F728-F066-412F-A059-37ADE113E426}.Ad-Hoc|x64.Deploy.0 = Release|Any CPU
		{4804F728-F066-412F-A059-37ADE113E426}.Ad-Hoc|x86.ActiveCfg = Release|Any CPU
		{4804F728-F066-412F-A059-37ADE113E426}.Ad-Hoc|x86.Build.0 = Release|Any CPU
		{4804F728-F066-412F-A059-37ADE113E426}.Ad-Hoc|x86.Deploy.0 = Release|Any CPU
		{4804F728-F066-412F-A059-37ADE113E426}.AppStore|Any CPU.ActiveCfg = Release|Any CPU
		{4804F728-F066-412F-A059-37ADE113E426}.AppStore|Any CPU.Build.0 = Release|Any CPU
		{4804F728-F066-412F-A059-37ADE113E426}.AppStore|Any CPU.Deploy.0 = Release|Any CPU
		{4804F728-F066-412F-A059-37ADE113E426}.AppStore|ARM.ActiveCfg = Release|Any CPU
		{4804F728-F066-412F-A059-37ADE113E426}.AppStore|ARM.Build.0 = Release|Any CPU
		{4804F728-F066-412F-A059-37ADE113E426}.AppStore|ARM.Deploy.0 = Release|Any CPU
		{4804F728-F066-412F-A059-37ADE113E426}.AppStore|iPhone.ActiveCfg = Release|Any CPU
		{4804F728-F066-412F-A059-37ADE113E426}.AppStore|iPhone.Build.0 = Release|Any CPU
		{4804F728-F066-412F-A059-37ADE113E426}.AppStore|iPhone.Deploy.0 = Release|Any CPU
		{4804F728-F066-412F-A059-37ADE113E426}.AppStore|iPhoneSimulator.ActiveCfg = Release|Any CPU
		{4804F728-F066-412F-A059-37ADE113E426}.AppStore|iPhoneSimulator.Build.0 = Release|Any CPU
		{4804F728-F066-412F-A059-37ADE113E426}.AppStore|iPhoneSimulator.Deploy.0 = Release|Any CPU
		{4804F728-F066-412F-A059-37ADE113E426}.AppStore|x64.ActiveCfg = Release|Any CPU
		{4804F728-F066-412F-A059-37ADE113E426}.AppStore|x64.Build.0 = Release|Any CPU
		{4804F728-F066-412F-A059-37ADE113E426}.AppStore|x64.Deploy.0 = Release|Any CPU
		{4804F728-F066-412F-A059-37ADE113E426}.AppStore|x86.ActiveCfg = Release|Any CPU
		{4804F728-F066-412F-A059-37ADE113E426}.AppStore|x86.Build.0 = Release|Any CPU
		{4804F728-F066-412F-A059-37ADE113E426}.AppStore|x86.Deploy.0 = Release|Any CPU
		{4804F728-F066-412F-A059-37ADE113E426}.Debug|Any CPU.ActiveCfg = Debug|Any CPU
		{4804F728-F066-412F-A059-37ADE113E426}.Debug|Any CPU.Build.0 = Debug|Any CPU
		{4804F728-F066-412F-A059-37ADE113E426}.Debug|Any CPU.Deploy.0 = Debug|Any CPU
		{4804F728-F066-412F-A059-37ADE113E426}.Debug|ARM.ActiveCfg = Debug|Any CPU
		{4804F728-F066-412F-A059-37ADE113E426}.Debug|ARM.Build.0 = Debug|Any CPU
		{4804F728-F066-412F-A059-37ADE113E426}.Debug|ARM.Deploy.0 = Debug|Any CPU
		{4804F728-F066-412F-A059-37ADE113E426}.Debug|iPhone.ActiveCfg = Debug|Any CPU
		{4804F728-F066-412F-A059-37ADE113E426}.Debug|iPhone.Build.0 = Debug|Any CPU
		{4804F728-F066-412F-A059-37ADE113E426}.Debug|iPhone.Deploy.0 = Debug|Any CPU
		{4804F728-F066-412F-A059-37ADE113E426}.Debug|iPhoneSimulator.ActiveCfg = Debug|Any CPU
		{4804F728-F066-412F-A059-37ADE113E426}.Debug|iPhoneSimulator.Build.0 = Debug|Any CPU
		{4804F728-F066-412F-A059-37ADE113E426}.Debug|iPhoneSimulator.Deploy.0 = Debug|Any CPU
		{4804F728-F066-412F-A059-37ADE113E426}.Debug|x64.ActiveCfg = Debug|Any CPU
		{4804F728-F066-412F-A059-37ADE113E426}.Debug|x64.Build.0 = Debug|Any CPU
		{4804F728-F066-412F-A059-37ADE113E426}.Debug|x64.Deploy.0 = Debug|Any CPU
		{4804F728-F066-412F-A059-37ADE113E426}.Debug|x86.ActiveCfg = Debug|Any CPU
		{4804F728-F066-412F-A059-37ADE113E426}.Debug|x86.Build.0 = Debug|Any CPU
		{4804F728-F066-412F-A059-37ADE113E426}.Debug|x86.Deploy.0 = Debug|Any CPU
		{4804F728-F066-412F-A059-37ADE113E426}.Release|Any CPU.ActiveCfg = Release|Any CPU
		{4804F728-F066-412F-A059-37ADE113E426}.Release|Any CPU.Build.0 = Release|Any CPU
		{4804F728-F066-412F-A059-37ADE113E426}.Release|Any CPU.Deploy.0 = Release|Any CPU
		{4804F728-F066-412F-A059-37ADE113E426}.Release|ARM.ActiveCfg = Release|Any CPU
		{4804F728-F066-412F-A059-37ADE113E426}.Release|ARM.Build.0 = Release|Any CPU
		{4804F728-F066-412F-A059-37ADE113E426}.Release|ARM.Deploy.0 = Release|Any CPU
		{4804F728-F066-412F-A059-37ADE113E426}.Release|iPhone.ActiveCfg = Release|Any CPU
		{4804F728-F066-412F-A059-37ADE113E426}.Release|iPhone.Build.0 = Release|Any CPU
		{4804F728-F066-412F-A059-37ADE113E426}.Release|iPhone.Deploy.0 = Release|Any CPU
		{4804F728-F066-412F-A059-37ADE113E426}.Release|iPhoneSimulator.ActiveCfg = Release|Any CPU
		{4804F728-F066-412F-A059-37ADE113E426}.Release|iPhoneSimulator.Build.0 = Release|Any CPU
		{4804F728-F066-412F-A059-37ADE113E426}.Release|iPhoneSimulator.Deploy.0 = Release|Any CPU
		{4804F728-F066-412F-A059-37ADE113E426}.Release|x64.ActiveCfg = Release|Any CPU
		{4804F728-F066-412F-A059-37ADE113E426}.Release|x64.Build.0 = Release|Any CPU
		{4804F728-F066-412F-A059-37ADE113E426}.Release|x64.Deploy.0 = Release|Any CPU
		{4804F728-F066-412F-A059-37ADE113E426}.Release|x86.ActiveCfg = Release|Any CPU
		{4804F728-F066-412F-A059-37ADE113E426}.Release|x86.Build.0 = Release|Any CPU
		{4804F728-F066-412F-A059-37ADE113E426}.Release|x86.Deploy.0 = Release|Any CPU
		{131137B4-C56B-4345-A6F4-DAE4ED03B9E6}.Ad-Hoc|Any CPU.ActiveCfg = Ad-Hoc|iPhone
		{131137B4-C56B-4345-A6F4-DAE4ED03B9E6}.Ad-Hoc|ARM.ActiveCfg = Ad-Hoc|iPhone
		{131137B4-C56B-4345-A6F4-DAE4ED03B9E6}.Ad-Hoc|iPhone.ActiveCfg = Ad-Hoc|iPhone
		{131137B4-C56B-4345-A6F4-DAE4ED03B9E6}.Ad-Hoc|iPhone.Build.0 = Ad-Hoc|iPhone
		{131137B4-C56B-4345-A6F4-DAE4ED03B9E6}.Ad-Hoc|iPhoneSimulator.ActiveCfg = Ad-Hoc|iPhoneSimulator
		{131137B4-C56B-4345-A6F4-DAE4ED03B9E6}.Ad-Hoc|iPhoneSimulator.Build.0 = Ad-Hoc|iPhoneSimulator
		{131137B4-C56B-4345-A6F4-DAE4ED03B9E6}.Ad-Hoc|x64.ActiveCfg = Ad-Hoc|iPhone
		{131137B4-C56B-4345-A6F4-DAE4ED03B9E6}.Ad-Hoc|x86.ActiveCfg = Ad-Hoc|iPhone
		{131137B4-C56B-4345-A6F4-DAE4ED03B9E6}.AppStore|Any CPU.ActiveCfg = AppStore|iPhone
		{131137B4-C56B-4345-A6F4-DAE4ED03B9E6}.AppStore|ARM.ActiveCfg = AppStore|iPhone
		{131137B4-C56B-4345-A6F4-DAE4ED03B9E6}.AppStore|iPhone.ActiveCfg = AppStore|iPhone
		{131137B4-C56B-4345-A6F4-DAE4ED03B9E6}.AppStore|iPhone.Build.0 = AppStore|iPhone
		{131137B4-C56B-4345-A6F4-DAE4ED03B9E6}.AppStore|iPhoneSimulator.ActiveCfg = AppStore|iPhoneSimulator
		{131137B4-C56B-4345-A6F4-DAE4ED03B9E6}.AppStore|iPhoneSimulator.Build.0 = AppStore|iPhoneSimulator
		{131137B4-C56B-4345-A6F4-DAE4ED03B9E6}.AppStore|x64.ActiveCfg = AppStore|iPhone
		{131137B4-C56B-4345-A6F4-DAE4ED03B9E6}.AppStore|x86.ActiveCfg = AppStore|iPhone
		{131137B4-C56B-4345-A6F4-DAE4ED03B9E6}.Debug|Any CPU.ActiveCfg = Debug|iPhone
		{131137B4-C56B-4345-A6F4-DAE4ED03B9E6}.Debug|ARM.ActiveCfg = Debug|iPhone
		{131137B4-C56B-4345-A6F4-DAE4ED03B9E6}.Debug|iPhone.ActiveCfg = Debug|iPhone
		{131137B4-C56B-4345-A6F4-DAE4ED03B9E6}.Debug|iPhone.Build.0 = Debug|iPhone
		{131137B4-C56B-4345-A6F4-DAE4ED03B9E6}.Debug|iPhoneSimulator.ActiveCfg = Debug|iPhoneSimulator
		{131137B4-C56B-4345-A6F4-DAE4ED03B9E6}.Debug|iPhoneSimulator.Build.0 = Debug|iPhoneSimulator
		{131137B4-C56B-4345-A6F4-DAE4ED03B9E6}.Debug|x64.ActiveCfg = Debug|iPhone
		{131137B4-C56B-4345-A6F4-DAE4ED03B9E6}.Debug|x86.ActiveCfg = Debug|iPhone
		{131137B4-C56B-4345-A6F4-DAE4ED03B9E6}.Release|Any CPU.ActiveCfg = Release|iPhone
		{131137B4-C56B-4345-A6F4-DAE4ED03B9E6}.Release|ARM.ActiveCfg = Release|iPhone
		{131137B4-C56B-4345-A6F4-DAE4ED03B9E6}.Release|iPhone.ActiveCfg = Release|iPhone
		{131137B4-C56B-4345-A6F4-DAE4ED03B9E6}.Release|iPhone.Build.0 = Release|iPhone
		{131137B4-C56B-4345-A6F4-DAE4ED03B9E6}.Release|iPhoneSimulator.ActiveCfg = Release|iPhoneSimulator
		{131137B4-C56B-4345-A6F4-DAE4ED03B9E6}.Release|iPhoneSimulator.Build.0 = Release|iPhoneSimulator
		{131137B4-C56B-4345-A6F4-DAE4ED03B9E6}.Release|x64.ActiveCfg = Release|iPhone
		{131137B4-C56B-4345-A6F4-DAE4ED03B9E6}.Release|x86.ActiveCfg = Release|iPhone
		{8E6C7043-56F6-40E5-87DF-ACF6EA41D922}.Ad-Hoc|Any CPU.ActiveCfg = Release|x86
		{8E6C7043-56F6-40E5-87DF-ACF6EA41D922}.Ad-Hoc|Any CPU.Build.0 = Release|x86
		{8E6C7043-56F6-40E5-87DF-ACF6EA41D922}.Ad-Hoc|Any CPU.Deploy.0 = Release|x86
		{8E6C7043-56F6-40E5-87DF-ACF6EA41D922}.Ad-Hoc|ARM.ActiveCfg = Release|ARM
		{8E6C7043-56F6-40E5-87DF-ACF6EA41D922}.Ad-Hoc|ARM.Build.0 = Release|ARM
		{8E6C7043-56F6-40E5-87DF-ACF6EA41D922}.Ad-Hoc|ARM.Deploy.0 = Release|ARM
		{8E6C7043-56F6-40E5-87DF-ACF6EA41D922}.Ad-Hoc|iPhone.ActiveCfg = Release|x86
		{8E6C7043-56F6-40E5-87DF-ACF6EA41D922}.Ad-Hoc|iPhone.Build.0 = Release|x86
		{8E6C7043-56F6-40E5-87DF-ACF6EA41D922}.Ad-Hoc|iPhone.Deploy.0 = Release|x86
		{8E6C7043-56F6-40E5-87DF-ACF6EA41D922}.Ad-Hoc|iPhoneSimulator.ActiveCfg = Release|x86
		{8E6C7043-56F6-40E5-87DF-ACF6EA41D922}.Ad-Hoc|iPhoneSimulator.Build.0 = Release|x86
		{8E6C7043-56F6-40E5-87DF-ACF6EA41D922}.Ad-Hoc|iPhoneSimulator.Deploy.0 = Release|x86
		{8E6C7043-56F6-40E5-87DF-ACF6EA41D922}.Ad-Hoc|x64.ActiveCfg = Release|x64
		{8E6C7043-56F6-40E5-87DF-ACF6EA41D922}.Ad-Hoc|x64.Build.0 = Release|x64
		{8E6C7043-56F6-40E5-87DF-ACF6EA41D922}.Ad-Hoc|x64.Deploy.0 = Release|x64
		{8E6C7043-56F6-40E5-87DF-ACF6EA41D922}.Ad-Hoc|x86.ActiveCfg = Release|x86
		{8E6C7043-56F6-40E5-87DF-ACF6EA41D922}.Ad-Hoc|x86.Build.0 = Release|x86
		{8E6C7043-56F6-40E5-87DF-ACF6EA41D922}.Ad-Hoc|x86.Deploy.0 = Release|x86
		{8E6C7043-56F6-40E5-87DF-ACF6EA41D922}.AppStore|Any CPU.ActiveCfg = Release|x86
		{8E6C7043-56F6-40E5-87DF-ACF6EA41D922}.AppStore|Any CPU.Build.0 = Release|x86
		{8E6C7043-56F6-40E5-87DF-ACF6EA41D922}.AppStore|Any CPU.Deploy.0 = Release|x86
		{8E6C7043-56F6-40E5-87DF-ACF6EA41D922}.AppStore|ARM.ActiveCfg = Release|ARM
		{8E6C7043-56F6-40E5-87DF-ACF6EA41D922}.AppStore|ARM.Build.0 = Release|ARM
		{8E6C7043-56F6-40E5-87DF-ACF6EA41D922}.AppStore|ARM.Deploy.0 = Release|ARM
		{8E6C7043-56F6-40E5-87DF-ACF6EA41D922}.AppStore|iPhone.ActiveCfg = Release|x86
		{8E6C7043-56F6-40E5-87DF-ACF6EA41D922}.AppStore|iPhone.Build.0 = Release|x86
		{8E6C7043-56F6-40E5-87DF-ACF6EA41D922}.AppStore|iPhone.Deploy.0 = Release|x86
		{8E6C7043-56F6-40E5-87DF-ACF6EA41D922}.AppStore|iPhoneSimulator.ActiveCfg = Release|x86
		{8E6C7043-56F6-40E5-87DF-ACF6EA41D922}.AppStore|iPhoneSimulator.Build.0 = Release|x86
		{8E6C7043-56F6-40E5-87DF-ACF6EA41D922}.AppStore|iPhoneSimulator.Deploy.0 = Release|x86
		{8E6C7043-56F6-40E5-87DF-ACF6EA41D922}.AppStore|x64.ActiveCfg = Release|x64
		{8E6C7043-56F6-40E5-87DF-ACF6EA41D922}.AppStore|x64.Build.0 = Release|x64
		{8E6C7043-56F6-40E5-87DF-ACF6EA41D922}.AppStore|x64.Deploy.0 = Release|x64
		{8E6C7043-56F6-40E5-87DF-ACF6EA41D922}.AppStore|x86.ActiveCfg = Release|x86
		{8E6C7043-56F6-40E5-87DF-ACF6EA41D922}.AppStore|x86.Build.0 = Release|x86
		{8E6C7043-56F6-40E5-87DF-ACF6EA41D922}.AppStore|x86.Deploy.0 = Release|x86
		{8E6C7043-56F6-40E5-87DF-ACF6EA41D922}.Debug|Any CPU.ActiveCfg = Debug|x86
		{8E6C7043-56F6-40E5-87DF-ACF6EA41D922}.Debug|ARM.ActiveCfg = Debug|ARM
		{8E6C7043-56F6-40E5-87DF-ACF6EA41D922}.Debug|ARM.Build.0 = Debug|ARM
		{8E6C7043-56F6-40E5-87DF-ACF6EA41D922}.Debug|ARM.Deploy.0 = Debug|ARM
		{8E6C7043-56F6-40E5-87DF-ACF6EA41D922}.Debug|iPhone.ActiveCfg = Debug|x86
		{8E6C7043-56F6-40E5-87DF-ACF6EA41D922}.Debug|iPhoneSimulator.ActiveCfg = Debug|x86
		{8E6C7043-56F6-40E5-87DF-ACF6EA41D922}.Debug|x64.ActiveCfg = Debug|x64
		{8E6C7043-56F6-40E5-87DF-ACF6EA41D922}.Debug|x64.Build.0 = Debug|x64
		{8E6C7043-56F6-40E5-87DF-ACF6EA41D922}.Debug|x64.Deploy.0 = Debug|x64
		{8E6C7043-56F6-40E5-87DF-ACF6EA41D922}.Debug|x86.ActiveCfg = Debug|x86
		{8E6C7043-56F6-40E5-87DF-ACF6EA41D922}.Debug|x86.Build.0 = Debug|x86
		{8E6C7043-56F6-40E5-87DF-ACF6EA41D922}.Debug|x86.Deploy.0 = Debug|x86
		{8E6C7043-56F6-40E5-87DF-ACF6EA41D922}.Release|Any CPU.ActiveCfg = Release|x86
		{8E6C7043-56F6-40E5-87DF-ACF6EA41D922}.Release|ARM.ActiveCfg = Release|ARM
		{8E6C7043-56F6-40E5-87DF-ACF6EA41D922}.Release|ARM.Build.0 = Release|ARM
		{8E6C7043-56F6-40E5-87DF-ACF6EA41D922}.Release|ARM.Deploy.0 = Release|ARM
		{8E6C7043-56F6-40E5-87DF-ACF6EA41D922}.Release|iPhone.ActiveCfg = Release|x86
		{8E6C7043-56F6-40E5-87DF-ACF6EA41D922}.Release|iPhoneSimulator.ActiveCfg = Release|x86
		{8E6C7043-56F6-40E5-87DF-ACF6EA41D922}.Release|x64.ActiveCfg = Release|x64
		{8E6C7043-56F6-40E5-87DF-ACF6EA41D922}.Release|x64.Build.0 = Release|x64
		{8E6C7043-56F6-40E5-87DF-ACF6EA41D922}.Release|x64.Deploy.0 = Release|x64
		{8E6C7043-56F6-40E5-87DF-ACF6EA41D922}.Release|x86.ActiveCfg = Release|x86
		{8E6C7043-56F6-40E5-87DF-ACF6EA41D922}.Release|x86.Build.0 = Release|x86
		{8E6C7043-56F6-40E5-87DF-ACF6EA41D922}.Release|x86.Deploy.0 = Release|x86
		{25415B3B-6CBE-46CE-AABF-31432D467158}.Ad-Hoc|Any CPU.ActiveCfg = Debug|Any CPU
		{25415B3B-6CBE-46CE-AABF-31432D467158}.Ad-Hoc|Any CPU.Build.0 = Debug|Any CPU
		{25415B3B-6CBE-46CE-AABF-31432D467158}.Ad-Hoc|ARM.ActiveCfg = Debug|Any CPU
		{25415B3B-6CBE-46CE-AABF-31432D467158}.Ad-Hoc|ARM.Build.0 = Debug|Any CPU
		{25415B3B-6CBE-46CE-AABF-31432D467158}.Ad-Hoc|iPhone.ActiveCfg = Debug|Any CPU
		{25415B3B-6CBE-46CE-AABF-31432D467158}.Ad-Hoc|iPhone.Build.0 = Debug|Any CPU
		{25415B3B-6CBE-46CE-AABF-31432D467158}.Ad-Hoc|iPhoneSimulator.ActiveCfg = Debug|Any CPU
		{25415B3B-6CBE-46CE-AABF-31432D467158}.Ad-Hoc|iPhoneSimulator.Build.0 = Debug|Any CPU
		{25415B3B-6CBE-46CE-AABF-31432D467158}.Ad-Hoc|x64.ActiveCfg = Debug|Any CPU
		{25415B3B-6CBE-46CE-AABF-31432D467158}.Ad-Hoc|x64.Build.0 = Debug|Any CPU
		{25415B3B-6CBE-46CE-AABF-31432D467158}.Ad-Hoc|x86.ActiveCfg = Debug|Any CPU
		{25415B3B-6CBE-46CE-AABF-31432D467158}.Ad-Hoc|x86.Build.0 = Debug|Any CPU
		{25415B3B-6CBE-46CE-AABF-31432D467158}.AppStore|Any CPU.ActiveCfg = Debug|Any CPU
		{25415B3B-6CBE-46CE-AABF-31432D467158}.AppStore|Any CPU.Build.0 = Debug|Any CPU
		{25415B3B-6CBE-46CE-AABF-31432D467158}.AppStore|ARM.ActiveCfg = Debug|Any CPU
		{25415B3B-6CBE-46CE-AABF-31432D467158}.AppStore|ARM.Build.0 = Debug|Any CPU
		{25415B3B-6CBE-46CE-AABF-31432D467158}.AppStore|iPhone.ActiveCfg = Debug|Any CPU
		{25415B3B-6CBE-46CE-AABF-31432D467158}.AppStore|iPhone.Build.0 = Debug|Any CPU
		{25415B3B-6CBE-46CE-AABF-31432D467158}.AppStore|iPhoneSimulator.ActiveCfg = Debug|Any CPU
		{25415B3B-6CBE-46CE-AABF-31432D467158}.AppStore|iPhoneSimulator.Build.0 = Debug|Any CPU
		{25415B3B-6CBE-46CE-AABF-31432D467158}.AppStore|x64.ActiveCfg = Debug|Any CPU
		{25415B3B-6CBE-46CE-AABF-31432D467158}.AppStore|x64.Build.0 = Debug|Any CPU
		{25415B3B-6CBE-46CE-AABF-31432D467158}.AppStore|x86.ActiveCfg = Debug|Any CPU
		{25415B3B-6CBE-46CE-AABF-31432D467158}.AppStore|x86.Build.0 = Debug|Any CPU
		{25415B3B-6CBE-46CE-AABF-31432D467158}.Debug|Any CPU.ActiveCfg = Debug|Any CPU
		{25415B3B-6CBE-46CE-AABF-31432D467158}.Debug|Any CPU.Build.0 = Debug|Any CPU
		{25415B3B-6CBE-46CE-AABF-31432D467158}.Debug|ARM.ActiveCfg = Debug|Any CPU
		{25415B3B-6CBE-46CE-AABF-31432D467158}.Debug|ARM.Build.0 = Debug|Any CPU
		{25415B3B-6CBE-46CE-AABF-31432D467158}.Debug|iPhone.ActiveCfg = Debug|Any CPU
		{25415B3B-6CBE-46CE-AABF-31432D467158}.Debug|iPhone.Build.0 = Debug|Any CPU
		{25415B3B-6CBE-46CE-AABF-31432D467158}.Debug|iPhoneSimulator.ActiveCfg = Debug|Any CPU
		{25415B3B-6CBE-46CE-AABF-31432D467158}.Debug|iPhoneSimulator.Build.0 = Debug|Any CPU
		{25415B3B-6CBE-46CE-AABF-31432D467158}.Debug|x64.ActiveCfg = Debug|Any CPU
		{25415B3B-6CBE-46CE-AABF-31432D467158}.Debug|x64.Build.0 = Debug|Any CPU
		{25415B3B-6CBE-46CE-AABF-31432D467158}.Debug|x86.ActiveCfg = Debug|Any CPU
		{25415B3B-6CBE-46CE-AABF-31432D467158}.Debug|x86.Build.0 = Debug|Any CPU
		{25415B3B-6CBE-46CE-AABF-31432D467158}.Release|Any CPU.ActiveCfg = Release|Any CPU
		{25415B3B-6CBE-46CE-AABF-31432D467158}.Release|Any CPU.Build.0 = Release|Any CPU
		{25415B3B-6CBE-46CE-AABF-31432D467158}.Release|ARM.ActiveCfg = Release|Any CPU
		{25415B3B-6CBE-46CE-AABF-31432D467158}.Release|ARM.Build.0 = Release|Any CPU
		{25415B3B-6CBE-46CE-AABF-31432D467158}.Release|iPhone.ActiveCfg = Release|Any CPU
		{25415B3B-6CBE-46CE-AABF-31432D467158}.Release|iPhone.Build.0 = Release|Any CPU
		{25415B3B-6CBE-46CE-AABF-31432D467158}.Release|iPhoneSimulator.ActiveCfg = Release|Any CPU
		{25415B3B-6CBE-46CE-AABF-31432D467158}.Release|iPhoneSimulator.Build.0 = Release|Any CPU
		{25415B3B-6CBE-46CE-AABF-31432D467158}.Release|x64.ActiveCfg = Release|Any CPU
		{25415B3B-6CBE-46CE-AABF-31432D467158}.Release|x64.Build.0 = Release|Any CPU
		{25415B3B-6CBE-46CE-AABF-31432D467158}.Release|x86.ActiveCfg = Release|Any CPU
		{25415B3B-6CBE-46CE-AABF-31432D467158}.Release|x86.Build.0 = Release|Any CPU
		{6DEDE377-F703-419A-BA78-F1B8EE853361}.Ad-Hoc|Any CPU.ActiveCfg = Release|Any CPU
		{6DEDE377-F703-419A-BA78-F1B8EE853361}.Ad-Hoc|Any CPU.Build.0 = Release|Any CPU
		{6DEDE377-F703-419A-BA78-F1B8EE853361}.Ad-Hoc|ARM.ActiveCfg = Release|Any CPU
		{6DEDE377-F703-419A-BA78-F1B8EE853361}.Ad-Hoc|ARM.Build.0 = Release|Any CPU
		{6DEDE377-F703-419A-BA78-F1B8EE853361}.Ad-Hoc|iPhone.ActiveCfg = Release|Any CPU
		{6DEDE377-F703-419A-BA78-F1B8EE853361}.Ad-Hoc|iPhone.Build.0 = Release|Any CPU
		{6DEDE377-F703-419A-BA78-F1B8EE853361}.Ad-Hoc|iPhoneSimulator.ActiveCfg = Release|Any CPU
		{6DEDE377-F703-419A-BA78-F1B8EE853361}.Ad-Hoc|iPhoneSimulator.Build.0 = Release|Any CPU
		{6DEDE377-F703-419A-BA78-F1B8EE853361}.Ad-Hoc|x64.ActiveCfg = Release|Any CPU
		{6DEDE377-F703-419A-BA78-F1B8EE853361}.Ad-Hoc|x64.Build.0 = Release|Any CPU
		{6DEDE377-F703-419A-BA78-F1B8EE853361}.Ad-Hoc|x86.ActiveCfg = Release|Any CPU
		{6DEDE377-F703-419A-BA78-F1B8EE853361}.Ad-Hoc|x86.Build.0 = Release|Any CPU
		{6DEDE377-F703-419A-BA78-F1B8EE853361}.AppStore|Any CPU.ActiveCfg = Release|Any CPU
		{6DEDE377-F703-419A-BA78-F1B8EE853361}.AppStore|Any CPU.Build.0 = Release|Any CPU
		{6DEDE377-F703-419A-BA78-F1B8EE853361}.AppStore|ARM.ActiveCfg = Release|Any CPU
		{6DEDE377-F703-419A-BA78-F1B8EE853361}.AppStore|ARM.Build.0 = Release|Any CPU
		{6DEDE377-F703-419A-BA78-F1B8EE853361}.AppStore|iPhone.ActiveCfg = Release|Any CPU
		{6DEDE377-F703-419A-BA78-F1B8EE853361}.AppStore|iPhone.Build.0 = Release|Any CPU
		{6DEDE377-F703-419A-BA78-F1B8EE853361}.AppStore|iPhoneSimulator.ActiveCfg = Release|Any CPU
		{6DEDE377-F703-419A-BA78-F1B8EE853361}.AppStore|iPhoneSimulator.Build.0 = Release|Any CPU
		{6DEDE377-F703-419A-BA78-F1B8EE853361}.AppStore|x64.ActiveCfg = Release|Any CPU
		{6DEDE377-F703-419A-BA78-F1B8EE853361}.AppStore|x64.Build.0 = Release|Any CPU
		{6DEDE377-F703-419A-BA78-F1B8EE853361}.AppStore|x86.ActiveCfg = Release|Any CPU
		{6DEDE377-F703-419A-BA78-F1B8EE853361}.AppStore|x86.Build.0 = Release|Any CPU
		{6DEDE377-F703-419A-BA78-F1B8EE853361}.Debug|Any CPU.ActiveCfg = Debug|Any CPU
		{6DEDE377-F703-419A-BA78-F1B8EE853361}.Debug|Any CPU.Build.0 = Debug|Any CPU
		{6DEDE377-F703-419A-BA78-F1B8EE853361}.Debug|ARM.ActiveCfg = Debug|Any CPU
		{6DEDE377-F703-419A-BA78-F1B8EE853361}.Debug|ARM.Build.0 = Debug|Any CPU
		{6DEDE377-F703-419A-BA78-F1B8EE853361}.Debug|iPhone.ActiveCfg = Debug|Any CPU
		{6DEDE377-F703-419A-BA78-F1B8EE853361}.Debug|iPhone.Build.0 = Debug|Any CPU
		{6DEDE377-F703-419A-BA78-F1B8EE853361}.Debug|iPhoneSimulator.ActiveCfg = Debug|Any CPU
		{6DEDE377-F703-419A-BA78-F1B8EE853361}.Debug|iPhoneSimulator.Build.0 = Debug|Any CPU
		{6DEDE377-F703-419A-BA78-F1B8EE853361}.Debug|x64.ActiveCfg = Debug|Any CPU
		{6DEDE377-F703-419A-BA78-F1B8EE853361}.Debug|x64.Build.0 = Debug|Any CPU
		{6DEDE377-F703-419A-BA78-F1B8EE853361}.Debug|x86.ActiveCfg = Debug|Any CPU
		{6DEDE377-F703-419A-BA78-F1B8EE853361}.Debug|x86.Build.0 = Debug|Any CPU
		{6DEDE377-F703-419A-BA78-F1B8EE853361}.Release|Any CPU.ActiveCfg = Release|Any CPU
		{6DEDE377-F703-419A-BA78-F1B8EE853361}.Release|Any CPU.Build.0 = Release|Any CPU
		{6DEDE377-F703-419A-BA78-F1B8EE853361}.Release|ARM.ActiveCfg = Release|Any CPU
		{6DEDE377-F703-419A-BA78-F1B8EE853361}.Release|ARM.Build.0 = Release|Any CPU
		{6DEDE377-F703-419A-BA78-F1B8EE853361}.Release|iPhone.ActiveCfg = Release|Any CPU
		{6DEDE377-F703-419A-BA78-F1B8EE853361}.Release|iPhone.Build.0 = Release|Any CPU
		{6DEDE377-F703-419A-BA78-F1B8EE853361}.Release|iPhoneSimulator.ActiveCfg = Release|Any CPU
		{6DEDE377-F703-419A-BA78-F1B8EE853361}.Release|iPhoneSimulator.Build.0 = Release|Any CPU
		{6DEDE377-F703-419A-BA78-F1B8EE853361}.Release|x64.ActiveCfg = Release|Any CPU
		{6DEDE377-F703-419A-BA78-F1B8EE853361}.Release|x64.Build.0 = Release|Any CPU
		{6DEDE377-F703-419A-BA78-F1B8EE853361}.Release|x86.ActiveCfg = Release|Any CPU
		{6DEDE377-F703-419A-BA78-F1B8EE853361}.Release|x86.Build.0 = Release|Any CPU
		{8018D8B5-C68B-46C9-B410-13BAA2D5FE54}.Ad-Hoc|Any CPU.ActiveCfg = Release|x64
		{8018D8B5-C68B-46C9-B410-13BAA2D5FE54}.Ad-Hoc|Any CPU.Build.0 = Release|x64
		{8018D8B5-C68B-46C9-B410-13BAA2D5FE54}.Ad-Hoc|Any CPU.Deploy.0 = Release|x64
		{8018D8B5-C68B-46C9-B410-13BAA2D5FE54}.Ad-Hoc|ARM.ActiveCfg = Release|ARM
		{8018D8B5-C68B-46C9-B410-13BAA2D5FE54}.Ad-Hoc|ARM.Build.0 = Release|ARM
		{8018D8B5-C68B-46C9-B410-13BAA2D5FE54}.Ad-Hoc|ARM.Deploy.0 = Release|ARM
		{8018D8B5-C68B-46C9-B410-13BAA2D5FE54}.Ad-Hoc|iPhone.ActiveCfg = Release|x64
		{8018D8B5-C68B-46C9-B410-13BAA2D5FE54}.Ad-Hoc|iPhone.Build.0 = Release|x64
		{8018D8B5-C68B-46C9-B410-13BAA2D5FE54}.Ad-Hoc|iPhone.Deploy.0 = Release|x64
		{8018D8B5-C68B-46C9-B410-13BAA2D5FE54}.Ad-Hoc|iPhoneSimulator.ActiveCfg = Release|x64
		{8018D8B5-C68B-46C9-B410-13BAA2D5FE54}.Ad-Hoc|iPhoneSimulator.Build.0 = Release|x64
		{8018D8B5-C68B-46C9-B410-13BAA2D5FE54}.Ad-Hoc|iPhoneSimulator.Deploy.0 = Release|x64
		{8018D8B5-C68B-46C9-B410-13BAA2D5FE54}.Ad-Hoc|x64.ActiveCfg = Release|x64
		{8018D8B5-C68B-46C9-B410-13BAA2D5FE54}.Ad-Hoc|x64.Build.0 = Release|x64
		{8018D8B5-C68B-46C9-B410-13BAA2D5FE54}.Ad-Hoc|x64.Deploy.0 = Release|x64
		{8018D8B5-C68B-46C9-B410-13BAA2D5FE54}.Ad-Hoc|x86.ActiveCfg = Release|x86
		{8018D8B5-C68B-46C9-B410-13BAA2D5FE54}.Ad-Hoc|x86.Build.0 = Release|x86
		{8018D8B5-C68B-46C9-B410-13BAA2D5FE54}.Ad-Hoc|x86.Deploy.0 = Release|x86
		{8018D8B5-C68B-46C9-B410-13BAA2D5FE54}.AppStore|Any CPU.ActiveCfg = Release|x64
		{8018D8B5-C68B-46C9-B410-13BAA2D5FE54}.AppStore|Any CPU.Build.0 = Release|x64
		{8018D8B5-C68B-46C9-B410-13BAA2D5FE54}.AppStore|Any CPU.Deploy.0 = Release|x64
		{8018D8B5-C68B-46C9-B410-13BAA2D5FE54}.AppStore|ARM.ActiveCfg = Release|ARM
		{8018D8B5-C68B-46C9-B410-13BAA2D5FE54}.AppStore|ARM.Build.0 = Release|ARM
		{8018D8B5-C68B-46C9-B410-13BAA2D5FE54}.AppStore|ARM.Deploy.0 = Release|ARM
		{8018D8B5-C68B-46C9-B410-13BAA2D5FE54}.AppStore|iPhone.ActiveCfg = Release|x64
		{8018D8B5-C68B-46C9-B410-13BAA2D5FE54}.AppStore|iPhone.Build.0 = Release|x64
		{8018D8B5-C68B-46C9-B410-13BAA2D5FE54}.AppStore|iPhone.Deploy.0 = Release|x64
		{8018D8B5-C68B-46C9-B410-13BAA2D5FE54}.AppStore|iPhoneSimulator.ActiveCfg = Release|x64
		{8018D8B5-C68B-46C9-B410-13BAA2D5FE54}.AppStore|iPhoneSimulator.Build.0 = Release|x64
		{8018D8B5-C68B-46C9-B410-13BAA2D5FE54}.AppStore|iPhoneSimulator.Deploy.0 = Release|x64
		{8018D8B5-C68B-46C9-B410-13BAA2D5FE54}.AppStore|x64.ActiveCfg = Release|x64
		{8018D8B5-C68B-46C9-B410-13BAA2D5FE54}.AppStore|x64.Build.0 = Release|x64
		{8018D8B5-C68B-46C9-B410-13BAA2D5FE54}.AppStore|x64.Deploy.0 = Release|x64
		{8018D8B5-C68B-46C9-B410-13BAA2D5FE54}.AppStore|x86.ActiveCfg = Release|x86
		{8018D8B5-C68B-46C9-B410-13BAA2D5FE54}.AppStore|x86.Build.0 = Release|x86
		{8018D8B5-C68B-46C9-B410-13BAA2D5FE54}.AppStore|x86.Deploy.0 = Release|x86
		{8018D8B5-C68B-46C9-B410-13BAA2D5FE54}.Debug|Any CPU.ActiveCfg = Debug|x86
		{8018D8B5-C68B-46C9-B410-13BAA2D5FE54}.Debug|ARM.ActiveCfg = Debug|ARM
		{8018D8B5-C68B-46C9-B410-13BAA2D5FE54}.Debug|ARM.Build.0 = Debug|ARM
		{8018D8B5-C68B-46C9-B410-13BAA2D5FE54}.Debug|ARM.Deploy.0 = Debug|ARM
		{8018D8B5-C68B-46C9-B410-13BAA2D5FE54}.Debug|iPhone.ActiveCfg = Debug|x86
		{8018D8B5-C68B-46C9-B410-13BAA2D5FE54}.Debug|iPhoneSimulator.ActiveCfg = Debug|x86
		{8018D8B5-C68B-46C9-B410-13BAA2D5FE54}.Debug|x64.ActiveCfg = Debug|x64
		{8018D8B5-C68B-46C9-B410-13BAA2D5FE54}.Debug|x64.Build.0 = Debug|x64
		{8018D8B5-C68B-46C9-B410-13BAA2D5FE54}.Debug|x64.Deploy.0 = Debug|x64
		{8018D8B5-C68B-46C9-B410-13BAA2D5FE54}.Debug|x86.ActiveCfg = Debug|x86
		{8018D8B5-C68B-46C9-B410-13BAA2D5FE54}.Debug|x86.Build.0 = Debug|x86
		{8018D8B5-C68B-46C9-B410-13BAA2D5FE54}.Debug|x86.Deploy.0 = Debug|x86
		{8018D8B5-C68B-46C9-B410-13BAA2D5FE54}.Release|Any CPU.ActiveCfg = Release|x86
		{8018D8B5-C68B-46C9-B410-13BAA2D5FE54}.Release|ARM.ActiveCfg = Release|ARM
		{8018D8B5-C68B-46C9-B410-13BAA2D5FE54}.Release|ARM.Build.0 = Release|ARM
		{8018D8B5-C68B-46C9-B410-13BAA2D5FE54}.Release|ARM.Deploy.0 = Release|ARM
		{8018D8B5-C68B-46C9-B410-13BAA2D5FE54}.Release|iPhone.ActiveCfg = Release|x86
		{8018D8B5-C68B-46C9-B410-13BAA2D5FE54}.Release|iPhoneSimulator.ActiveCfg = Release|x86
		{8018D8B5-C68B-46C9-B410-13BAA2D5FE54}.Release|x64.ActiveCfg = Release|x64
		{8018D8B5-C68B-46C9-B410-13BAA2D5FE54}.Release|x64.Build.0 = Release|x64
		{8018D8B5-C68B-46C9-B410-13BAA2D5FE54}.Release|x64.Deploy.0 = Release|x64
		{8018D8B5-C68B-46C9-B410-13BAA2D5FE54}.Release|x86.ActiveCfg = Release|x86
		{8018D8B5-C68B-46C9-B410-13BAA2D5FE54}.Release|x86.Build.0 = Release|x86
		{8018D8B5-C68B-46C9-B410-13BAA2D5FE54}.Release|x86.Deploy.0 = Release|x86
	EndGlobalSection
	GlobalSection(SolutionProperties) = preSolution
		HideSolutionNode = FALSE
	EndGlobalSection
	GlobalSection(ExtensibilityGlobals) = postSolution
		SolutionGuid = {37B07150-03D8-47F8-92F8-CA68FBAB0F50}
	EndGlobalSection
EndGlobal
